
Microsoft Visual Studio Solution File, Format Version 12.00
# Visual Studio Version 17
VisualStudioVersion = 17.5.002.0
MinimumVisualStudioVersion = 10.0.40219.1
Project("{9A19103F-16F7-4668-BE54-9A1E7A4F7556}") = "Blazor.PDF.Toolkit", "Blazor.PDF.Toolkit.csproj", "{48E2F65A-BBD0-4780-94AF-E0B47A8F9A6D}"
EndProject
Global
	GlobalSection(SolutionConfigurationPlatforms) = preSolution
		Debug|Any CPU = Debug|Any CPU
		Release|Any CPU = Release|Any CPU
	EndGlobalSection
	GlobalSection(ProjectConfigurationPlatforms) = postSolution
		{48E2F65A-BBD0-4780-94AF-E0B47A8F9A6D}.Debug|Any CPU.ActiveCfg = Debug|Any CPU
		{48E2F65A-BBD0-4780-94AF-E0B47A8F9A6D}.Debug|Any CPU.Build.0 = Debug|Any CPU
		{48E2F65A-BBD0-4780-94AF-E0B47A8F9A6D}.Release|Any CPU.ActiveCfg = Release|Any CPU
		{48E2F65A-BBD0-4780-94AF-E0B47A8F9A6D}.Release|Any CPU.Build.0 = Release|Any CPU
	EndGlobalSection
	GlobalSection(SolutionProperties) = preSolution
		HideSolutionNode = FALSE
	EndGlobalSection
	GlobalSection(ExtensibilityGlobals) = postSolution
		SolutionGuid = {11E88E49-461F-4723-B8C0-93F056923745}
	EndGlobalSection
EndGlobal
